{
  "name": "y",
  "version": "0.0.0",
  "lockfileVersion": 1,
  "requires": true,
  "dependencies": {
    "ng-alain": {
      "version": "8.3.0",
      "resolved": "https://registry.npmjs.org/ng-alain/-/ng-alain-8.3.0.tgz",
      "integrity": "sha512-aY69NNi/DWBocCs+a1l/LqtO0qQogw3E/cuUqUD4BZr/WtGodJkE9co5FklOe3QXo/4JjI2Dgy1RCNOPZvIoOQ=="
    }
  }
}
